
Microsoft Visual Studio Solution File, Format Version 12.00
# Visual Studio Version 17
VisualStudioVersion = 17.2.32630.192
MinimumVisualStudioVersion = 10.0.40219.1
Project("{FAE04EC0-301F-11D3-BF4B-00C04F79EFBC}") = "BankEncapsulation", "BankEncapsulation\BankEncapsulation.csproj", "{A905F118-9681-47F0-9873-6C940C9EDBD8}"
EndProject
Global
	GlobalSection(SolutionConfigurationPlatforms) = preSolution
		Debug|Any CPU = Debug|Any CPU
		Release|Any CPU = Release|Any CPU
	EndGlobalSection
	GlobalSection(ProjectConfigurationPlatforms) = postSolution
		{A905F118-9681-47F0-9873-6C940C9EDBD8}.Debug|Any CPU.ActiveCfg = Debug|Any CPU
		{A905F118-9681-47F0-9873-6C940C9EDBD8}.Debug|Any CPU.Build.0 = Debug|Any CPU
		{A905F118-9681-47F0-9873-6C940C9EDBD8}.Release|Any CPU.ActiveCfg = Release|Any CPU
		{A905F118-9681-47F0-9873-6C940C9EDBD8}.Release|Any CPU.Build.0 = Release|Any CPU
	EndGlobalSection
	GlobalSection(SolutionProperties) = preSolution
		HideSolutionNode = FALSE
	EndGlobalSection
	GlobalSection(ExtensibilityGlobals) = postSolution
		SolutionGuid = {75D1F364-675C-4DAB-AB86-C185C8849D45}
	EndGlobalSection
EndGlobal
